
Microsoft Visual Studio Solution File, Format Version 12.00
# Visual Studio Version 16
VisualStudioVersion = 16.0.30204.135
MinimumVisualStudioVersion = 10.0.40219.1
Project("{FAE04EC0-301F-11D3-BF4B-00C04F79EFBC}") = "RazorDocker", "RazorDocker\RazorDocker.csproj", "{48EB5D33-27BA-469A-9B71-34729B442EDF}"
EndProject
Global
	GlobalSection(SolutionConfigurationPlatforms) = preSolution
		Debug|Any CPU = Debug|Any CPU
		Release|Any CPU = Release|Any CPU
	EndGlobalSection
	GlobalSection(ProjectConfigurationPlatforms) = postSolution
		{48EB5D33-27BA-469A-9B71-34729B442EDF}.Debug|Any CPU.ActiveCfg = Debug|Any CPU
		{48EB5D33-27BA-469A-9B71-34729B442EDF}.Debug|Any CPU.Build.0 = Debug|Any CPU
		{48EB5D33-27BA-469A-9B71-34729B442EDF}.Release|Any CPU.ActiveCfg = Release|Any CPU
		{48EB5D33-27BA-469A-9B71-34729B442EDF}.Release|Any CPU.Build.0 = Release|Any CPU
	EndGlobalSection
	GlobalSection(SolutionProperties) = preSolution
		HideSolutionNode = FALSE
	EndGlobalSection
	GlobalSection(ExtensibilityGlobals) = postSolution
		SolutionGuid = {79B51ABA-464B-45B0-B8B5-C43273A424F5}
	EndGlobalSection
EndGlobal
